# This file was autogenerated by uv via the following command:
#    uv pip compile requirements-e2e.txt --constraint requirements.lock -o requirements-e2e.lock
greenlet==3.5.3
    # via playwright
playwright==1.61.0
    # via -r requirements-e2e.txt
pyee==13.0.1
    # via playwright
typing-extensions==4.15.0
    # via
    #   -c requirements.lock
    #   pyee
